
Microsoft Visual Studio Solution File, Format Version 12.00
# Visual Studio Version 16
VisualStudioVersion = 25.0.1704.4
MinimumVisualStudioVersion = 10.0.40219.1
Project("{FAE04EC0-301F-11D3-BF4B-00C04F79EFBC}") = "FirstProject", "ProjectOne\FirstProject.csproj", "{4895901D-48DE-4EB5-8EDF-689108C2DA78}"
EndProject
Global
	GlobalSection(SolutionConfigurationPlatforms) = preSolution
		Debug|Any CPU = Debug|Any CPU
		Release|Any CPU = Release|Any CPU
	EndGlobalSection
	GlobalSection(ProjectConfigurationPlatforms) = postSolution
		{4895901D-48DE-4EB5-8EDF-689108C2DA78}.Debug|Any CPU.ActiveCfg = Debug|Any CPU
		{4895901D-48DE-4EB5-8EDF-689108C2DA78}.Debug|Any CPU.Build.0 = Debug|Any CPU
		{4895901D-48DE-4EB5-8EDF-689108C2DA78}.Release|Any CPU.ActiveCfg = Release|Any CPU
		{4895901D-48DE-4EB5-8EDF-689108C2DA78}.Release|Any CPU.Build.0 = Release|Any CPU
	EndGlobalSection
	GlobalSection(SolutionProperties) = preSolution
		HideSolutionNode = FALSE
	EndGlobalSection
	GlobalSection(ExtensibilityGlobals) = postSolution
		SolutionGuid = {831106B1-813C-435A-AB2F-95CB75E9F610}
	EndGlobalSection
EndGlobal
